PODS:
  - ARUICalling/RTC (1.0.0)

DEPENDENCIES:
  - ARUICalling/RTC (from `./ARUICalling`)

EXTERNAL SOURCES:
  ARUICalling:
    :path: "./ARUICalling"

SPEC CHECKSUMS:
  ARUICalling: db453facbe3825e3c70ab0f20ce172561601a987

PODFILE CHECKSUM: c0f8c3e234e6924df062c41c976e860181fa528c

COCOAPODS: 1.11.2
